# This file was autogenerated by Stack.
# You should not edit this file by hand.
# For more information, please see the documentation at:
#   https://docs.haskellstack.org/en/stable/lock_files

packages:
- completed:
    hackage: http-test-0.2.5@sha256:ff8335580e324f49f3edf6fe83bf04a5e793e9b8f991b544e73e30bbad5d60cb,1897
    pantry-tree:
      size: 257
      sha256: b8150ff15a73fa01c2ee869eb7c3f8e6a0780a6817cb661833286b8f4514b954
  original:
    hackage: http-test-0.2.5@sha256:ff8335580e324f49f3edf6fe83bf04a5e793e9b8f991b544e73e30bbad5d60cb,1897
- completed:
    hackage: morpheus-graphql-0.16.0@sha256:f0261e51dd3bd9a118060542c56c28b374c1837d026324c3935c2ec13e1cbb3a,28509
    pantry-tree:
      size: 41126
      sha256: b202001a14bbba9a51636db78f7b45a984832b87bd6ea1ab7d6415252f928790
  original:
    hackage: morpheus-graphql-0.16.0@sha256:f0261e51dd3bd9a118060542c56c28b374c1837d026324c3935c2ec13e1cbb3a,28509
- completed:
    hackage: morpheus-graphql-core-0.16.0@sha256:c1b8bc18df2cb918eac3c17c6dc507742a043de469c5cd0bd22221751979f8da,15496
    pantry-tree:
      size: 22146
      sha256: 9fac04b18ac5c29b0e1f74a92046b2d8f49c80fcc09df542562eb88b3ad48df2
  original:
    hackage: morpheus-graphql-core-0.16.0@sha256:c1b8bc18df2cb918eac3c17c6dc507742a043de469c5cd0bd22221751979f8da,15496
snapshots:
- completed:
    size: 533252
    url: https://raw.githubusercontent.com/commercialhaskell/stackage-snapshots/master/lts/16/25.yaml
    sha256: 147598b98bdd95ec0409bac125a4f1bff3cd4f8d73334d283d098f66a4bcc053
  original: lts-16.25
